
Microsoft Visual Studio Solution File, Format Version 12.00
Project("{FAE04EC0-301F-11D3-BF4B-00C04F79EFBC}") = "Api", "Api\Api.csproj", "{2C0F16C5-5311-449F-987E-B1E92D764BC4}"
EndProject
Project("{FAE04EC0-301F-11D3-BF4B-00C04F79EFBC}") = "Application", "Application\Application.csproj", "{397665E4-1870-498E-B87C-9B7C1DD35CCE}"
EndProject
Project("{FAE04EC0-301F-11D3-BF4B-00C04F79EFBC}") = "Domain", "Domain\Domain.csproj", "{8B328225-59F3-41F2-9A8F-39A730C1375B}"
EndProject
Project("{FAE04EC0-301F-11D3-BF4B-00C04F79EFBC}") = "Infrastructure", "Infrastructure\Infrastructure.csproj", "{7351BB4F-C771-4F09-8F8F-2C8644D22BBA}"
EndProject
Project("{2150E333-8FDC-42A3-9474-1A3956D46DE8}") = "src", "src", "{2986F378-D3E2-4E30-A086-2135658E7009}"
EndProject
Project("{FAE04EC0-301F-11D3-BF4B-00C04F79EFBC}") = "ServiceDefaults", "ServiceDefaults\ServiceDefaults.csproj", "{3ACE7E32-0E2C-4331-9F6E-BC303706FED5}"
EndProject
Project("{FAE04EC0-301F-11D3-BF4B-00C04F79EFBC}") = "AppHost", "AppHost\AppHost.csproj", "{71EF3092-B387-4C57-9C45-456C63965221}"
EndProject
Project("{2150E333-8FDC-42A3-9474-1A3956D46DE8}") = "tests", "tests", "{0AB3BF05-4346-4AA6-1389-037BE0695223}"
EndProject
Project("{FAE04EC0-301F-11D3-BF4B-00C04F79EFBC}") = "UnitTests", "tests\UnitTests\UnitTests.csproj", "{E514FC8B-1DA2-4919-82D3-B03CA9DBE2AE}"
EndProject
Project("{FAE04EC0-301F-11D3-BF4B-00C04F79EFBC}") = "IntegrationTests", "tests\IntegrationTests\IntegrationTests.csproj", "{CA97603B-70ED-419C-8DA5-B638E97DFBA2}"
EndProject
Global
	GlobalSection(SolutionConfigurationPlatforms) = preSolution
		Debug|Any CPU = Debug|Any CPU
		Debug|x64 = Debug|x64
		Debug|x86 = Debug|x86
		Release|Any CPU = Release|Any CPU
		Release|x64 = Release|x64
		Release|x86 = Release|x86
	EndGlobalSection
	GlobalSection(ProjectConfigurationPlatforms) = postSolution
		{2C0F16C5-5311-449F-987E-B1E92D764BC4}.Debug|Any CPU.ActiveCfg = Debug|Any CPU
		{2C0F16C5-5311-449F-987E-B1E92D764BC4}.Debug|Any CPU.Build.0 = Debug|Any CPU
		{2C0F16C5-5311-449F-987E-B1E92D764BC4}.Debug|x64.ActiveCfg = Debug|Any CPU
		{2C0F16C5-5311-449F-987E-B1E92D764BC4}.Debug|x64.Build.0 = Debug|Any CPU
		{2C0F16C5-5311-449F-987E-B1E92D764BC4}.Debug|x86.ActiveCfg = Debug|Any CPU
		{2C0F16C5-5311-449F-987E-B1E92D764BC4}.Debug|x86.Build.0 = Debug|Any CPU
		{2C0F16C5-5311-449F-987E-B1E92D764BC4}.Release|Any CPU.ActiveCfg = Release|Any CPU
		{2C0F16C5-5311-449F-987E-B1E92D764BC4}.Release|Any CPU.Build.0 = Release|Any CPU
		{2C0F16C5-5311-449F-987E-B1E92D764BC4}.Release|x64.ActiveCfg = Release|Any CPU
		{2C0F16C5-5311-449F-987E-B1E92D764BC4}.Release|x64.Build.0 = Release|Any CPU
		{2C0F16C5-5311-449F-987E-B1E92D764BC4}.Release|x86.ActiveCfg = Release|Any CPU
		{2C0F16C5-5311-449F-987E-B1E92D764BC4}.Release|x86.Build.0 = Release|Any CPU
		{397665E4-1870-498E-B87C-9B7C1DD35CCE}.Debug|Any CPU.ActiveCfg = Debug|Any CPU
		{397665E4-1870-498E-B87C-9B7C1DD35CCE}.Debug|Any CPU.Build.0 = Debug|Any CPU
		{397665E4-1870-498E-B87C-9B7C1DD35CCE}.Debug|x64.ActiveCfg = Debug|Any CPU
		{397665E4-1870-498E-B87C-9B7C1DD35CCE}.Debug|x64.Build.0 = Debug|Any CPU
		{397665E4-1870-498E-B87C-9B7C1DD35CCE}.Debug|x86.ActiveCfg = Debug|Any CPU
		{397665E4-1870-498E-B87C-9B7C1DD35CCE}.Debug|x86.Build.0 = Debug|Any CPU
		{397665E4-1870-498E-B87C-9B7C1DD35CCE}.Release|Any CPU.ActiveCfg = Release|Any CPU
		{397665E4-1870-498E-B87C-9B7C1DD35CCE}.Release|Any CPU.Build.0 = Release|Any CPU
		{397665E4-1870-498E-B87C-9B7C1DD35CCE}.Release|x64.ActiveCfg = Release|Any CPU
		{397665E4-1870-498E-B87C-9B7C1DD35CCE}.Release|x64.Build.0 = Release|Any CPU
		{397665E4-1870-498E-B87C-9B7C1DD35CCE}.Release|x86.ActiveCfg = Release|Any CPU
		{397665E4-1870-498E-B87C-9B7C1DD35CCE}.Release|x86.Build.0 = Release|Any CPU
		{8B328225-59F3-41F2-9A8F-39A730C1375B}.Debug|Any CPU.ActiveCfg = Debug|Any CPU
		{8B328225-59F3-41F2-9A8F-39A730C1375B}.Debug|Any CPU.Build.0 = Debug|Any CPU
		{8B328225-59F3-41F2-9A8F-39A730C1375B}.Debug|x64.ActiveCfg = Debug|Any CPU
		{8B328225-59F3-41F2-9A8F-39A730C1375B}.Debug|x64.Build.0 = Debug|Any CPU
		{8B328225-59F3-41F2-9A8F-39A730C1375B}.Debug|x86.ActiveCfg = Debug|Any CPU
		{8B328225-59F3-41F2-9A8F-39A730C1375B}.Debug|x86.Build.0 = Debug|Any CPU
		{8B328225-59F3-41F2-9A8F-39A730C1375B}.Release|Any CPU.ActiveCfg = Release|Any CPU
		{8B328225-59F3-41F2-9A8F-39A730C1375B}.Release|Any CPU.Build.0 = Release|Any CPU
		{8B328225-59F3-41F2-9A8F-39A730C1375B}.Release|x64.ActiveCfg = Release|Any CPU
		{8B328225-59F3-41F2-9A8F-39A730C1375B}.Release|x64.Build.0 = Release|Any CPU
		{8B328225-59F3-41F2-9A8F-39A730C1375B}.Release|x86.ActiveCfg = Release|Any CPU
		{8B328225-59F3-41F2-9A8F-39A730C1375B}.Release|x86.Build.0 = Release|Any CPU
		{7351BB4F-C771-4F09-8F8F-2C8644D22BBA}.Debug|Any CPU.ActiveCfg = Debug|Any CPU
		{7351BB4F-C771-4F09-8F8F-2C8644D22BBA}.Debug|Any CPU.Build.0 = Debug|Any CPU
		{7351BB4F-C771-4F09-8F8F-2C8644D22BBA}.Debug|x64.ActiveCfg = Debug|Any CPU
		{7351BB4F-C771-4F09-8F8F-2C8644D22BBA}.Debug|x64.Build.0 = Debug|Any CPU
		{7351BB4F-C771-4F09-8F8F-2C8644D22BBA}.Debug|x86.ActiveCfg = Debug|Any CPU
		{7351BB4F-C771-4F09-8F8F-2C8644D22BBA}.Debug|x86.Build.0 = Debug|Any CPU
		{7351BB4F-C771-4F09-8F8F-2C8644D22BBA}.Release|Any CPU.ActiveCfg = Release|Any CPU
		{7351BB4F-C771-4F09-8F8F-2C8644D22BBA}.Release|Any CPU.Build.0 = Release|Any CPU
		{7351BB4F-C771-4F09-8F8F-2C8644D22BBA}.Release|x64.ActiveCfg = Release|Any CPU
		{7351BB4F-C771-4F09-8F8F-2C8644D22BBA}.Release|x64.Build.0 = Release|Any CPU
		{7351BB4F-C771-4F09-8F8F-2C8644D22BBA}.Release|x86.ActiveCfg = Release|Any CPU
		{7351BB4F-C771-4F09-8F8F-2C8644D22BBA}.Release|x86.Build.0 = Release|Any CPU
		{3ACE7E32-0E2C-4331-9F6E-BC303706FED5}.Debug|Any CPU.ActiveCfg = Debug|Any CPU
		{3ACE7E32-0E2C-4331-9F6E-BC303706FED5}.Debug|Any CPU.Build.0 = Debug|Any CPU
		{3ACE7E32-0E2C-4331-9F6E-BC303706FED5}.Debug|x64.ActiveCfg = Debug|Any CPU
		{3ACE7E32-0E2C-4331-9F6E-BC303706FED5}.Debug|x64.Build.0 = Debug|Any CPU
		{3ACE7E32-0E2C-4331-9F6E-BC303706FED5}.Debug|x86.ActiveCfg = Debug|Any CPU
		{3ACE7E32-0E2C-4331-9F6E-BC303706FED5}.Debug|x86.Build.0 = Debug|Any CPU
		{3ACE7E32-0E2C-4331-9F6E-BC303706FED5}.Release|Any CPU.ActiveCfg = Release|Any CPU
		{3ACE7E32-0E2C-4331-9F6E-BC303706FED5}.Release|Any CPU.Build.0 = Release|Any CPU
		{3ACE7E32-0E2C-4331-9F6E-BC303706FED5}.Release|x64.ActiveCfg = Release|Any CPU
		{3ACE7E32-0E2C-4331-9F6E-BC303706FED5}.Release|x64.Build.0 = Release|Any CPU
		{3ACE7E32-0E2C-4331-9F6E-BC303706FED5}.Release|x86.ActiveCfg = Release|Any CPU
		{3ACE7E32-0E2C-4331-9F6E-BC303706FED5}.Release|x86.Build.0 = Release|Any CPU
		{71EF3092-B387-4C57-9C45-456C63965221}.Debug|Any CPU.ActiveCfg = Debug|Any CPU
		{71EF3092-B387-4C57-9C45-456C63965221}.Debug|Any CPU.Build.0 = Debug|Any CPU
		{71EF3092-B387-4C57-9C45-456C63965221}.Debug|x64.ActiveCfg = Debug|Any CPU
		{71EF3092-B387-4C57-9C45-456C63965221}.Debug|x64.Build.0 = Debug|Any CPU
		{71EF3092-B387-4C57-9C45-456C63965221}.Debug|x86.ActiveCfg = Debug|Any CPU
		{71EF3092-B387-4C57-9C45-456C63965221}.Debug|x86.Build.0 = Debug|Any CPU
		{71EF3092-B387-4C57-9C45-456C63965221}.Release|Any CPU.ActiveCfg = Release|Any CPU
		{71EF3092-B387-4C57-9C45-456C63965221}.Release|Any CPU.Build.0 = Release|Any CPU
		{71EF3092-B387-4C57-9C45-456C63965221}.Release|x64.ActiveCfg = Release|Any CPU
		{71EF3092-B387-4C57-9C45-456C63965221}.Release|x64.Build.0 = Release|Any CPU
		{71EF3092-B387-4C57-9C45-456C63965221}.Release|x86.ActiveCfg = Release|Any CPU
		{71EF3092-B387-4C57-9C45-456C63965221}.Release|x86.Build.0 = Release|Any CPU
		{E514FC8B-1DA2-4919-82D3-B03CA9DBE2AE}.Debug|Any CPU.ActiveCfg = Debug|Any CPU
		{E514FC8B-1DA2-4919-82D3-B03CA9DBE2AE}.Debug|Any CPU.Build.0 = Debug|Any CPU
		{E514FC8B-1DA2-4919-82D3-B03CA9DBE2AE}.Debug|x64.ActiveCfg = Debug|Any CPU
		{E514FC8B-1DA2-4919-82D3-B03CA9DBE2AE}.Debug|x64.Build.0 = Debug|Any CPU
		{E514FC8B-1DA2-4919-82D3-B03CA9DBE2AE}.Debug|x86.ActiveCfg = Debug|Any CPU
		{E514FC8B-1DA2-4919-82D3-B03CA9DBE2AE}.Debug|x86.Build.0 = Debug|Any CPU
		{E514FC8B-1DA2-4919-82D3-B03CA9DBE2AE}.Release|Any CPU.ActiveCfg = Release|Any CPU
		{E514FC8B-1DA2-4919-82D3-B03CA9DBE2AE}.Release|Any CPU.Build.0 = Release|Any CPU
		{E514FC8B-1DA2-4919-82D3-B03CA9DBE2AE}.Release|x64.ActiveCfg = Release|Any CPU
		{E514FC8B-1DA2-4919-82D3-B03CA9DBE2AE}.Release|x64.Build.0 = Release|Any CPU
		{E514FC8B-1DA2-4919-82D3-B03CA9DBE2AE}.Release|x86.ActiveCfg = Release|Any CPU
		{E514FC8B-1DA2-4919-82D3-B03CA9DBE2AE}.Release|x86.Build.0 = Release|Any CPU
		{CA97603B-70ED-419C-8DA5-B638E97DFBA2}.Debug|Any CPU.ActiveCfg = Debug|Any CPU
		{CA97603B-70ED-419C-8DA5-B638E97DFBA2}.Debug|Any CPU.Build.0 = Debug|Any CPU
		{CA97603B-70ED-419C-8DA5-B638E97DFBA2}.Debug|x64.ActiveCfg = Debug|Any CPU
		{CA97603B-70ED-419C-8DA5-B638E97DFBA2}.Debug|x64.Build.0 = Debug|Any CPU
		{CA97603B-70ED-419C-8DA5-B638E97DFBA2}.Debug|x86.ActiveCfg = Debug|Any CPU
		{CA97603B-70ED-419C-8DA5-B638E97DFBA2}.Debug|x86.Build.0 = Debug|Any CPU
		{CA97603B-70ED-419C-8DA5-B638E97DFBA2}.Release|Any CPU.ActiveCfg = Release|Any CPU
		{CA97603B-70ED-419C-8DA5-B638E97DFBA2}.Release|Any CPU.Build.0 = Release|Any CPU
		{CA97603B-70ED-419C-8DA5-B638E97DFBA2}.Release|x64.ActiveCfg = Release|Any CPU
		{CA97603B-70ED-419C-8DA5-B638E97DFBA2}.Release|x64.Build.0 = Release|Any CPU
		{CA97603B-70ED-419C-8DA5-B638E97DFBA2}.Release|x86.ActiveCfg = Release|Any CPU
		{CA97603B-70ED-419C-8DA5-B638E97DFBA2}.Release|x86.Build.0 = Release|Any CPU
	EndGlobalSection
	GlobalSection(SolutionProperties) = preSolution
		HideSolutionNode = FALSE
	EndGlobalSection
	GlobalSection(NestedProjects) = preSolution
		{2C0F16C5-5311-449F-987E-B1E92D764BC4} = {2986F378-D3E2-4E30-A086-2135658E7009}
		{397665E4-1870-498E-B87C-9B7C1DD35CCE} = {2986F378-D3E2-4E30-A086-2135658E7009}
		{8B328225-59F3-41F2-9A8F-39A730C1375B} = {2986F378-D3E2-4E30-A086-2135658E7009}
		{7351BB4F-C771-4F09-8F8F-2C8644D22BBA} = {2986F378-D3E2-4E30-A086-2135658E7009}
		{E514FC8B-1DA2-4919-82D3-B03CA9DBE2AE} = {0AB3BF05-4346-4AA6-1389-037BE0695223}
		{CA97603B-70ED-419C-8DA5-B638E97DFBA2} = {0AB3BF05-4346-4AA6-1389-037BE0695223}
	EndGlobalSection
EndGlobal
